Microsoft Visual Studio Solution File, Format Version 12.00
# Visual Studio Version 17
VisualStudioVersion = 17.5.2.0
MinimumVisualStudioVersion = 10.0.40219.1
Project("{FAE04EC0-301F-11D3-BF4B-00C04F79EFBC}") = "DesafioCalc", "DesafioCalc\DesafioCalc.csproj", "{B42B7D2C-AA26-091F-DF79-5469AFED7086}"
EndProject
Project("{FAE04EC0-301F-11D3-BF4B-00C04F79EFBC}") = "SimpleCalc", "SimpleCalc\SimpleCalc.csproj", "{D00712C7-4810-C9D3-90F4-ACCE1499DFBF}"
EndProject
Project("{2150E333-8FDC-42A3-9474-1A3956D46DE8}") = "Hello", "Hello", "{94B0F470-30A9-786B-66F0-891B6490ACB9}"
EndProject
Project("{FAE04EC0-301F-11D3-BF4B-00C04F79EFBC}") = "Hello", "Hello\Hello\Hello.csproj", "{839EC224-55E0-3915-3A90-ECEAD7AA6024}"
EndProject
Global
	GlobalSection(SolutionConfigurationPlatforms) = preSolution
		Debug|Any CPU = Debug|Any CPU
		Release|Any CPU = Release|Any CPU
	EndGlobalSection
	GlobalSection(ProjectConfigurationPlatforms) = postSolution
		{B42B7D2C-AA26-091F-DF79-5469AFED7086}.Debug|Any CPU.ActiveCfg = Debug|Any CPU
		{B42B7D2C-AA26-091F-DF79-5469AFED7086}.Debug|Any CPU.Build.0 = Debug|Any CPU
		{B42B7D2C-AA26-091F-DF79-5469AFED7086}.Release|Any CPU.ActiveCfg = Release|Any CPU
		{B42B7D2C-AA26-091F-DF79-5469AFED7086}.Release|Any CPU.Build.0 = Release|Any CPU
		{D00712C7-4810-C9D3-90F4-ACCE1499DFBF}.Debug|Any CPU.ActiveCfg = Debug|Any CPU
		{D00712C7-4810-C9D3-90F4-ACCE1499DFBF}.Debug|Any CPU.Build.0 = Debug|Any CPU
		{D00712C7-4810-C9D3-90F4-ACCE1499DFBF}.Release|Any CPU.ActiveCfg = Release|Any CPU
		{D00712C7-4810-C9D3-90F4-ACCE1499DFBF}.Release|Any CPU.Build.0 = Release|Any CPU
		{839EC224-55E0-3915-3A90-ECEAD7AA6024}.Debug|Any CPU.ActiveCfg = Debug|Any CPU
		{839EC224-55E0-3915-3A90-ECEAD7AA6024}.Debug|Any CPU.Build.0 = Debug|Any CPU
		{839EC224-55E0-3915-3A90-ECEAD7AA6024}.Release|Any CPU.ActiveCfg = Release|Any CPU
		{839EC224-55E0-3915-3A90-ECEAD7AA6024}.Release|Any CPU.Build.0 = Release|Any CPU
	EndGlobalSection
	GlobalSection(SolutionProperties) = preSolution
		HideSolutionNode = FALSE
	EndGlobalSection
	GlobalSection(NestedProjects) = preSolution
		{839EC224-55E0-3915-3A90-ECEAD7AA6024} = {94B0F470-30A9-786B-66F0-891B6490ACB9}
	EndGlobalSection
	GlobalSection(ExtensibilityGlobals) = postSolution
		SolutionGuid = {ACB30617-38AD-475A-BFF7-C1EDF897D8A7}
	EndGlobalSection
EndGlobal
